
Microsoft Visual Studio Solution File, Format Version 12.00
# Visual Studio Version 17
VisualStudioVersion = 17.14.36518.9
MinimumVisualStudioVersion = 10.0.40219.1
Project("{FAE04EC0-301F-11D3-BF4B-00C04F79EFBC}") = "Task4", "Task4\Task4.csproj", "{50D1B9E9-179C-4243-BE49-542A96C00BE5}"
EndProject
Project("{FAE04EC0-301F-11D3-BF4B-00C04F79EFBC}") = "BLL", "BLL\BLL.csproj", "{B51049DB-EC02-4E2B-8157-1C21575AB6C5}"
EndProject
Project("{FAE04EC0-301F-11D3-BF4B-00C04F79EFBC}") = "DAL", "DAL\DAL.csproj", "{47F4CB5A-105A-40E1-B4AD-FE402C3A4F68}"
EndProject
Project("{FAE04EC0-301F-11D3-BF4B-00C04F79EFBC}") = "LoggerService", "LoggerService\LoggerService.csproj", "{A1FA570A-BD36-4C71-9AFA-3645FD17A06F}"
EndProject
Global
	GlobalSection(SolutionConfigurationPlatforms) = preSolution
		Debug|Any CPU = Debug|Any CPU
		Release|Any CPU = Release|Any CPU
	EndGlobalSection
	GlobalSection(ProjectConfigurationPlatforms) = postSolution
		{50D1B9E9-179C-4243-BE49-542A96C00BE5}.Debug|Any CPU.ActiveCfg = Debug|Any CPU
		{50D1B9E9-179C-4243-BE49-542A96C00BE5}.Debug|Any CPU.Build.0 = Debug|Any CPU
		{50D1B9E9-179C-4243-BE49-542A96C00BE5}.Release|Any CPU.ActiveCfg = Release|Any CPU
		{50D1B9E9-179C-4243-BE49-542A96C00BE5}.Release|Any CPU.Build.0 = Release|Any CPU
		{B51049DB-EC02-4E2B-8157-1C21575AB6C5}.Debug|Any CPU.ActiveCfg = Debug|Any CPU
		{B51049DB-EC02-4E2B-8157-1C21575AB6C5}.Debug|Any CPU.Build.0 = Debug|Any CPU
		{B51049DB-EC02-4E2B-8157-1C21575AB6C5}.Release|Any CPU.ActiveCfg = Release|Any CPU
		{B51049DB-EC02-4E2B-8157-1C21575AB6C5}.Release|Any CPU.Build.0 = Release|Any CPU
		{47F4CB5A-105A-40E1-B4AD-FE402C3A4F68}.Debug|Any CPU.ActiveCfg = Debug|Any CPU
		{47F4CB5A-105A-40E1-B4AD-FE402C3A4F68}.Debug|Any CPU.Build.0 = Debug|Any CPU
		{47F4CB5A-105A-40E1-B4AD-FE402C3A4F68}.Release|Any CPU.ActiveCfg = Release|Any CPU
		{47F4CB5A-105A-40E1-B4AD-FE402C3A4F68}.Release|Any CPU.Build.0 = Release|Any CPU
		{A1FA570A-BD36-4C71-9AFA-3645FD17A06F}.Debug|Any CPU.ActiveCfg = Debug|Any CPU
		{A1FA570A-BD36-4C71-9AFA-3645FD17A06F}.Debug|Any CPU.Build.0 = Debug|Any CPU
		{A1FA570A-BD36-4C71-9AFA-3645FD17A06F}.Release|Any CPU.ActiveCfg = Release|Any CPU
		{A1FA570A-BD36-4C71-9AFA-3645FD17A06F}.Release|Any CPU.Build.0 = Release|Any CPU
	EndGlobalSection
	GlobalSection(SolutionProperties) = preSolution
		HideSolutionNode = FALSE
	EndGlobalSection
	GlobalSection(ExtensibilityGlobals) = postSolution
		SolutionGuid = {FE77427A-77B3-4BAE-A43A-3D4530216CC4}
	EndGlobalSection
EndGlobal
